# This file was autogenerated by Stack.
# You should not edit this file by hand.
# For more information, please see the documentation at:
#   https://docs.haskellstack.org/en/stable/lock_files

packages: []
snapshots:
- completed:
    size: 492638
    url: https://raw.githubusercontent.com/commercialhaskell/stackage-snapshots/master/lts/13/1.yaml
    sha256: 072c924d439a6b0c73241e575be15656a071c1b627706c88c66f9045870462ee
  original: lts-13.1
