# This file was autogenerated by Stack.
# You should not edit this file by hand.
# For more information, please see the documentation at:
#   https://docs.haskellstack.org/en/stable/lock_files

packages: []
snapshots:
- completed:
    sha256: eaf7fa19aa69d7e09d476232dab96dfc9c929dbc67f8a72aa38ec8b7b3827557
    size: 529494
    url: https://raw.githubusercontent.com/commercialhaskell/stackage-snapshots/master/nightly/2024/1/2.yaml
  original: nightly-2024-01-02
